{
  "name": "physics-animator",
  "version": "1.0.0",
  "lockfileVersion": 3,
  "requires": true,
  "packages": {
    "": {
      "name": "physics-animator",
      "version": "1.0.0",
      "license": "MIT",
      "dependencies": {
        "@haxiomic/event-signal": "^1.2.0",
        "use-initializer": "^1.1.0"
      },
      "devDependencies": {
        "@types/react": "^19.0.12",
        "typescript": "^5.0.0"
      },
      "peerDependencies": {
        "react": ">=18.2.0"
      },
      "peerDependenciesMeta": {
        "react": {
          "optional": true
        }
      }
    },
    "../event-emitter": {
      "name": "@haxiomic/event-emitter",
      "version": "1.0.0",
      "extraneous": true,
      "license": "MIT",
      "devDependencies": {
        "typescript": "^5.0.0"
      }
    },
    "node_modules/@haxiomic/event-signal": {
      "version": "1.3.0",
      "resolved": "https://registry.npmjs.org/@haxiomic/event-signal/-/event-signal-1.3.0.tgz",
      "integrity": "sha512-CmitRGZYUReszqMFCY9ngMwVKWNNnev3E2yJq2I1sfiB9n5Tn2EHERcbKccKu3RxOqxTX2ZImIkNRGM00vCMDg==",
      "license": "MIT"
    },
    "node_modules/@types/react": {
      "version": "19.1.6",
      "resolved": "https://registry.npmjs.org/@types/react/-/react-19.1.6.tgz",
      "integrity": "sha512-JeG0rEWak0N6Itr6QUx+X60uQmN+5t3j9r/OVDtWzFXKaj6kD1BwJzOksD0FF6iWxZlbE1kB0q9vtnU2ekqa1Q==",
      "dev": true,
      "license": "MIT",
      "dependencies": {
        "csstype": "^3.0.2"
      }
    },
    "node_modules/csstype": {
      "version": "3.1.3",
      "resolved": "https://registry.npmjs.org/csstype/-/csstype-3.1.3.tgz",
      "integrity": "sha512-M1uQkMl8rQK/szD0LNhtqxIPLpimGm8sOBwU7lLnCpSbTyY3yeU1Vc7l4KT5zT4s/yOxHH5O7tIuuLOCnLADRw==",
      "dev": true,
      "license": "MIT"
    },
    "node_modules/react": {
      "version": "19.1.0",
      "resolved": "https://registry.npmjs.org/react/-/react-19.1.0.tgz",
      "integrity": "sha512-FS+XFBNvn3GTAWq26joslQgWNoFu08F4kl0J4CgdNKADkdSGXQyTCnKteIAJy96Br6YbpEU1LSzV5dYtjMkMDg==",
      "license": "MIT",
      "peer": true,
      "engines": {
        "node": ">=0.10.0"
      }
    },
    "node_modules/typescript": {
      "version": "5.8.3",
      "resolved": "https://registry.npmjs.org/typescript/-/typescript-5.8.3.tgz",
      "integrity": "sha512-p1diW6TqL9L07nNxvRMM7hMMw4c5XOo/1ibL4aAIGmSAt9slTE1Xgw5KWuof2uTOvCg9BY7ZRi+GaF+7sfgPeQ==",
      "dev": true,
      "license": "Apache-2.0",
      "bin": {
        "tsc": "bin/tsc",
        "tsserver": "bin/tsserver"
      },
      "engines": {
        "node": ">=14.17"
      }
    },
    "node_modules/use-initializer": {
      "version": "1.1.0",
      "resolved": "https://registry.npmjs.org/use-initializer/-/use-initializer-1.1.0.tgz",
      "integrity": "sha512-In+Dk078A0/5PctvJP6Ug3yYkP1R1QG6xXy0OhjaydmxCgFryNqXBgWmu5JI4RAafzkmDo/3pNPH2jR7SfUn/Q==",
      "license": "MIT",
      "peerDependencies": {
        "react": ">=16.8.0"
      }
    }
  }
}
